
Microsoft Visual Studio Solution File, Format Version 12.00
# Visual Studio Version 16
VisualStudioVersion = 16.0.31205.134
MinimumVisualStudioVersion = 10.0.40219.1
Project("{9A19103F-16F7-4668-BE54-9A1E7A4F7556}") = "SD.Core", "SD.Core\SD.Core.csproj", "{6744C408-7AAF-449F-ABAA-F5403B7436CD}"
EndProject
Project("{9A19103F-16F7-4668-BE54-9A1E7A4F7556}") = "SD.Persistence", "SD.Persistence\SD.Persistence.csproj", "{5C23FBD0-4F42-4606-9F16-F62A0DB47A27}"
EndProject
Project("{FAE04EC0-301F-11D3-BF4B-00C04F79EFBC}") = "SD.Application", "SD.Application\SD.Application.csproj", "{30E727E5-3C29-4066-B571-FAE1C4D9C0DB}"
EndProject
Global
	GlobalSection(SolutionConfigurationPlatforms) = preSolution
		Debug|Any CPU = Debug|Any CPU
		Release|Any CPU = Release|Any CPU
	EndGlobalSection
	GlobalSection(ProjectConfigurationPlatforms) = postSolution
		{6744C408-7AAF-449F-ABAA-F5403B7436CD}.Debug|Any CPU.ActiveCfg = Debug|Any CPU
		{6744C408-7AAF-449F-ABAA-F5403B7436CD}.Debug|Any CPU.Build.0 = Debug|Any CPU
		{6744C408-7AAF-449F-ABAA-F5403B7436CD}.Release|Any CPU.ActiveCfg = Release|Any CPU
		{6744C408-7AAF-449F-ABAA-F5403B7436CD}.Release|Any CPU.Build.0 = Release|Any CPU
		{5C23FBD0-4F42-4606-9F16-F62A0DB47A27}.Debug|Any CPU.ActiveCfg = Debug|Any CPU
		{5C23FBD0-4F42-4606-9F16-F62A0DB47A27}.Debug|Any CPU.Build.0 = Debug|Any CPU
		{5C23FBD0-4F42-4606-9F16-F62A0DB47A27}.Release|Any CPU.ActiveCfg = Release|Any CPU
		{5C23FBD0-4F42-4606-9F16-F62A0DB47A27}.Release|Any CPU.Build.0 = Release|Any CPU
		{30E727E5-3C29-4066-B571-FAE1C4D9C0DB}.Debug|Any CPU.ActiveCfg = Debug|Any CPU
		{30E727E5-3C29-4066-B571-FAE1C4D9C0DB}.Debug|Any CPU.Build.0 = Debug|Any CPU
		{30E727E5-3C29-4066-B571-FAE1C4D9C0DB}.Release|Any CPU.ActiveCfg = Release|Any CPU
		{30E727E5-3C29-4066-B571-FAE1C4D9C0DB}.Release|Any CPU.Build.0 = Release|Any CPU
	EndGlobalSection
	GlobalSection(SolutionProperties) = preSolution
		HideSolutionNode = FALSE
	EndGlobalSection
	GlobalSection(ExtensibilityGlobals) = postSolution
		SolutionGuid = {9E6F47F8-4A95-4DC7-B1B8-365C938826B5}
	EndGlobalSection
EndGlobal
